PackratFormat: 1.4
PackratVersion: 0.5.0
RVersion: 3.6.2
Repos: CRAN=https://cran.revolutionanalytics.com

Package: BH
Source: CRAN
Version: 1.72.0-3

Package: DBI
Source: CRAN
Version: 1.1.0

Package: R6
Source: CRAN
Version: 2.4.1
Hash: b488861d8c3dfac497e041ec911df9fb

Package: RColorBrewer
Source: CRAN
Version: 1.1-2

Package: RPostgres
Source: CRAN
Version: 1.2.0
Requires: withr, BH, DBI, Rcpp, bit64, blob, hms, plogr

Package: Rcpp
Source: CRAN
Version: 1.0.3

Package: assertthat
Source: CRAN
Version: 0.2.1
Hash: 622be49032fe50bd42e96aaef613e209

Package: backports
Source: CRAN
Version: 1.1.5
Hash: 35ad64fcf2063e2a52031b0f1a59d8f0

Package: base64enc
Source: CRAN
Version: 0.1-3

Package: base64url
Source: CRAN
Version: 1.4
Requires: backports

Package: bit
Source: CRAN
Version: 1.1-15.2

Package: bit64
Source: CRAN
Version: 0.9-7
Requires: bit

Package: blob
Source: CRAN
Version: 1.2.1
Requires: rlang, vctrs

Package: cli
Source: CRAN
Version: 2.0.1
Requires: assertthat, crayon, fansi, glue
Hash: 8e710a5f3177f1db9c6138e1dcbdfc30

Package: colorspace
Source: CRAN
Version: 1.4-1

Package: crayon
Source: CRAN
Version: 1.3.4
Hash: ff2840dd9b0d563fc80377a5a45510cd

Package: data.table
Source: CRAN
Version: 1.12.8

Package: digest
Source: CRAN
Version: 0.6.23
Hash: 7ec748e53ca45166e0824224421529ad

Package: drake
Source: CRAN
Version: 7.10.0
Requires: digest, rlang, base64url, igraph, storr, txtq, vctrs

Package: ellipsis
Source: CRAN
Version: 0.3.0
Requires: rlang
Hash: 30b58109e4d7c6184a9c2e32f9ae38c6

Package: evaluate
Source: CRAN
Version: 0.14
Hash: 18306cc3bc1aec7b7360eea8a0eb0ee1

Package: fansi
Source: CRAN
Version: 0.4.1
Hash: fc0a252b8e427847d13e89f56ab4665e

Package: farver
Source: CRAN
Version: 2.0.3

Package: filelock
Source: CRAN
Version: 1.0.2

Package: ggplot2
Source: CRAN
Version: 3.2.1
Requires: digest, rlang, withr, gtable, lazyeval, reshape2, scales,
    tibble, viridisLite

Package: glue
Source: CRAN
Version: 1.3.1
Hash: 660bbbe3803c7cf7c9489a7d99a9c0ed

Package: gtable
Source: CRAN
Version: 0.3.0

Package: highr
Source: CRAN
Version: 0.8

Package: hms
Source: CRAN
Version: 0.5.3
Requires: rlang, pkgconfig, vctrs

Package: htmltools
Source: CRAN
Version: 0.4.0
Requires: digest, rlang, Rcpp

Package: igraph
Source: CRAN
Version: 1.2.4.2
Requires: magrittr, pkgconfig

Package: jsonlite
Source: CRAN
Version: 1.6.1

Package: knitr
Source: CRAN
Version: 1.28
Requires: evaluate, highr, markdown, stringr, xfun, yaml

Package: labeling
Source: CRAN
Version: 0.3

Package: lazyeval
Source: CRAN
Version: 0.2.2

Package: lifecycle
Source: CRAN
Version: 0.1.0
Requires: glue, rlang

Package: magrittr
Source: CRAN
Version: 1.5
Hash: bdc4d48c3135e8f3b399536ddf160df4

Package: markdown
Source: CRAN
Version: 1.1
Requires: mime, xfun

Package: mime
Source: CRAN
Version: 0.9

Package: munsell
Source: CRAN
Version: 0.5.0
Requires: colorspace

Package: packrat
Source: CRAN
Version: 0.5.0
Hash: 498643e765d1442ba7b1160a1df3abf9

Package: pillar
Source: CRAN
Version: 1.4.3
Requires: cli, crayon, fansi, rlang, utf8, vctrs

Package: pkgconfig
Source: CRAN
Version: 2.0.3

Package: plogr
Source: CRAN
Version: 0.2.0

Package: plyr
Source: CRAN
Version: 1.8.5
Requires: Rcpp

Package: reshape2
Source: CRAN
Version: 1.4.3
Requires: Rcpp, plyr, stringr

Package: rlang
Source: CRAN
Version: 0.4.2
Hash: c5cfcde637bbff4e42edad2e69dac5c7

Package: rmarkdown
Source: CRAN
Version: 2.1
Requires: evaluate, base64enc, htmltools, jsonlite, knitr, mime,
    stringr, tinytex, xfun, yaml

Package: scales
Source: CRAN
Version: 1.1.0
Requires: R6, RColorBrewer, farver, labeling, lifecycle, munsell,
    viridisLite

Package: storr
Source: CRAN
Version: 1.2.1
Requires: R6, digest

Package: stringi
Source: CRAN
Version: 1.4.6

Package: stringr
Source: CRAN
Version: 1.4.0
Requires: glue, magrittr, stringi

Package: tibble
Source: CRAN
Version: 2.1.3
Requires: cli, crayon, fansi, rlang, pillar, pkgconfig

Package: tinytex
Source: CRAN
Version: 0.19
Requires: xfun

Package: txtq
Source: CRAN
Version: 0.2.0
Requires: R6, base64url, filelock

Package: utf8
Source: CRAN
Version: 1.1.4

Package: vctrs
Source: CRAN
Version: 0.2.2
Requires: digest, ellipsis, glue, rlang

Package: viridisLite
Source: CRAN
Version: 0.3.0

Package: withr
Source: CRAN
Version: 2.1.2
Hash: d534108bcd5f34ec73e9eb523751ba20

Package: xfun
Source: CRAN
Version: 0.12

Package: yaml
Source: CRAN
Version: 2.2.1
